
Microsoft Visual Studio Solution File, Format Version 12.00
# Visual Studio Version 17
VisualStudioVersion = 17.9.34616.47
MinimumVisualStudioVersion = 10.0.40219.1
Project("{FAE04EC0-301F-11D3-BF4B-00C04F79EFBC}") = "RemoteFlightController", "RemoteFlightController\RemoteFlightController.csproj", "{BB11690B-7FF1-4652-8656-84C757A8B3FC}"
EndProject
Project("{FAE04EC0-301F-11D3-BF4B-00C04F79EFBC}") = "FlightControlApp", "FlightSimulatorSolution\FlightControlApp.csproj", "{89E3DF0E-7370-4B84-9D59-186293EF5351}"
EndProject
Global
	GlobalSection(SolutionConfigurationPlatforms) = preSolution
		Debug|Any CPU = Debug|Any CPU
		Release|Any CPU = Release|Any CPU
	EndGlobalSection
	GlobalSection(ProjectConfigurationPlatforms) = postSolution
		{BB11690B-7FF1-4652-8656-84C757A8B3FC}.Debug|Any CPU.ActiveCfg = Debug|Any CPU
		{BB11690B-7FF1-4652-8656-84C757A8B3FC}.Debug|Any CPU.Build.0 = Debug|Any CPU
		{BB11690B-7FF1-4652-8656-84C757A8B3FC}.Release|Any CPU.ActiveCfg = Release|Any CPU
		{BB11690B-7FF1-4652-8656-84C757A8B3FC}.Release|Any CPU.Build.0 = Release|Any CPU
		{89E3DF0E-7370-4B84-9D59-186293EF5351}.Debug|Any CPU.ActiveCfg = Debug|Any CPU
		{89E3DF0E-7370-4B84-9D59-186293EF5351}.Debug|Any CPU.Build.0 = Debug|Any CPU
		{89E3DF0E-7370-4B84-9D59-186293EF5351}.Release|Any CPU.ActiveCfg = Release|Any CPU
		{89E3DF0E-7370-4B84-9D59-186293EF5351}.Release|Any CPU.Build.0 = Release|Any CPU
	EndGlobalSection
	GlobalSection(SolutionProperties) = preSolution
		HideSolutionNode = FALSE
	EndGlobalSection
	GlobalSection(ExtensibilityGlobals) = postSolution
		SolutionGuid = {61917ABE-C35E-4873-BB02-C82DE68CC661}
	EndGlobalSection
EndGlobal
